{
  "items": {
    "vmath.Nimaoth.github.com": {
      "dir": "$deps\\vmath.Nimaoth.github.com",
      "url": "https://github.com/Nimaoth/vmath",
      "commit": "661bdaac7546e16d087f066adfeb6ea7590106b4",
      "version": ""
    },
    "pixie.Nimaoth.github.com": {
      "dir": "$deps\\pixie.Nimaoth.github.com",
      "url": "https://github.com/Nimaoth/pixie",
      "commit": "7168ac52824fe2d3ad59171f8fb3b496add20e4d",
      "version": ""
    },
    "chroma": {
      "dir": "$deps\\chroma",
      "url": "https://github.com/treeform/chroma",
      "commit": "8bf4a0933ff405f83dc3a176199f528601e5b796",
      "version": ""
    },
    "winim": {
      "dir": "$deps\\winim",
      "url": "https://github.com/khchen/winim",
      "commit": "6fdee629140baa0d7060ddf86662457d11f50d35",
      "version": ""
    },
    "fusion": {
      "dir": "$deps\\fusion",
      "url": "https://github.com/nim-lang/fusion",
      "commit": "0b0a0273b8df860cd54e3fcca7bb4c617244ac77",
      "version": ""
    },
    "nim-regex.nitely.github.com": {
      "dir": "$deps\\nim-regex.nitely.github.com",
      "url": "https://github.com/nitely/nim-regex",
      "commit": "cb8b7bfdcdc2272aadf92153c668acd3c901bd6b",
      "version": ""
    },
    "glob": {
      "dir": "$deps\\glob",
      "url": "https://github.com/haltcase/glob",
      "commit": "64f71af2fa4572c2bdf8987a56a427c1d88fc34f",
      "version": ""
    },
    "patty": {
      "dir": "$deps\\patty",
      "url": "https://github.com/andreaferretti/patty",
      "commit": "31bb61b990b8b3bae1cba2f353fb978448942318",
      "version": ""
    },
    "npeg": {
      "dir": "$deps\\npeg",
      "url": "https://github.com/zevv/npeg",
      "commit": "409f6796d0e880b3f0222c964d1da7de6e450811",
      "version": ""
    },
    "stew": {
      "dir": "$deps\\stew",
      "url": "https://github.com/status-im/nim-stew",
      "commit": "b66168735d6f3841c5239c3169d3fe5fe98b1257",
      "version": ""
    },
    "results": {
      "dir": "$deps\\results",
      "url": "https://github.com/arnetheduck/nim-results",
      "commit": "df8113dda4c2d74d460a8fa98252b0b771bf1f27",
      "version": ""
    },
    "chronos": {
      "dir": "$deps\\chronos",
      "url": "https://github.com/status-im/nim-chronos",
      "commit": "0646c444fce7c7ed08ef6f2c9a7abfd172ffe655",
      "version": ""
    },
    "malebolgia": {
      "dir": "$deps\\malebolgia",
      "url": "https://github.com/Araq/malebolgia",
      "commit": "ab17bef08e8e84fabc33e0b039b324438e1ce27b",
      "version": ""
    },
    "fsnotify.Nimaoth.github.com": {
      "dir": "$deps\\fsnotify.Nimaoth.github.com",
      "url": "https://github.com/Nimaoth/fsnotify",
      "commit": "0484be9ff57a935893ae8207b5222176edb8e3e9",
      "version": ""
    },
    "windy.Nimaoth.github.com": {
      "dir": "$deps\\windy.Nimaoth.github.com",
      "url": "https://github.com/Nimaoth/windy",
      "commit": "ae1627ebe73f2d9e72e2e2695a1d3ab2a0dc0d75",
      "version": ""
    },
    "lrucache.nim.Nimaoth.github.com": {
      "dir": "$deps\\lrucache.nim.Nimaoth.github.com",
      "url": "https://github.com/Nimaoth/lrucache.nim",
      "commit": "479d4cf03a961d00fb2204e4773c394fe62ac44b",
      "version": ""
    },
    "boxy.Nimaoth.github.com": {
      "dir": "$deps\\boxy.Nimaoth.github.com",
      "url": "https://github.com/Nimaoth/boxy",
      "commit": "cb4ab84eafae04e19890b6ec4535bc28c4e2905f",
      "version": ""
    },
    "nimtreesitter-api.Nimaoth.github.com": {
      "dir": "$deps\\nimtreesitter-api.Nimaoth.github.com",
      "url": "https://github.com/Nimaoth/nimtreesitter-api",
      "commit": "893dd7103a86b30de7951185c047068b9d2f3347",
      "version": ""
    },
    "nimwasmtime.Nimaoth.github.com": {
      "dir": "$deps\\nimwasmtime.Nimaoth.github.com",
      "url": "https://github.com/Nimaoth/nimwasmtime",
      "commit": "8e0fe14b52013f35a8ef3ef4231a6db698c7af3d",
      "version": ""
    },
    "nimsumtree.Nimaoth.github.com": {
      "dir": "$deps\\nimsumtree.Nimaoth.github.com",
      "url": "https://github.com/Nimaoth/nimsumtree",
      "commit": "ee2d92bde86ce87b32bc46db18bfcf91ab84193d",
      "version": ""
    },
    "zippy.Nimaoth.github.com": {
      "dir": "$deps\\zippy.Nimaoth.github.com",
      "url": "https://github.com/Nimaoth/zippy",
      "commit": "ab4d3d52e966b725cad2468aa0594da5db7fa2ac",
      "version": ""
    },
    "libssh2": {
      "dir": "$deps\\libssh2",
      "url": "https://github.com/ba0f3/libssh2.nim",
      "commit": "a5cf5180cddf864b1bddbb0d35b3b5c499160176",
      "version": ""
    },
    "ssh2": {
      "dir": "$deps\\ssh2",
      "url": "https://github.com/ba0f3/ssh2.nim",
      "commit": "b45447fa3892024eb5ceb5d1516beba57bd68d05",
      "version": ""
    },
    "nimtreesitter.Nimaoth.github.com": {
      "dir": "$deps\\nimtreesitter.Nimaoth.github.com",
      "url": "https://github.com/Nimaoth/nimtreesitter",
      "commit": "5de1b7516a3c0c83a4fd0c2ae71c86ebd489594e",
      "version": ""
    },
    "vmath": {
      "dir": "$deps\\vmath",
      "url": "https://github.com/treeform/vmath",
      "commit": "b1cb7ec85f6e7690cf1261227cd2d552275e3e53",
      "version": ""
    },
    "zippy": {
      "dir": "$deps\\zippy",
      "url": "https://github.com/guzba/zippy",
      "commit": "9ab82da84edfd6483d273dfcf8a921309945861e",
      "version": ""
    },
    "flatty": {
      "dir": "$deps\\flatty",
      "url": "https://github.com/treeform/flatty",
      "commit": "07f6ba8ab96238e5bd1264cf0cea1d1746abb00c",
      "version": ""
    },
    "nimsimd": {
      "dir": "$deps\\nimsimd",
      "url": "https://github.com/guzba/nimsimd",
      "commit": "3f6b2668ffb0867d0bf786a658b817763e611350",
      "version": ""
    },
    "bumpy": {
      "dir": "$deps\\bumpy",
      "url": "https://github.com/treeform/bumpy",
      "commit": "edc6e19ddbe6b9e46c3384e9a4131d7063a3f610",
      "version": ""
    },
    "crunchy": {
      "dir": "$deps\\crunchy",
      "url": "https://github.com/guzba/crunchy",
      "commit": "98eb6526982bb8aae8eec6e8781f4539fa19e049",
      "version": ""
    },
    "unicodedb": {
      "dir": "$deps\\unicodedb",
      "url": "https://github.com/nitely/nim-unicodedb",
      "commit": "66f2458710dc641dd4640368f9483c8a0ec70561",
      "version": ""
    },
    "unittest2": {
      "dir": "$deps\\unittest2",
      "url": "https://github.com/status-im/nim-unittest2",
      "commit": "26f2ef3ae0ec72a2a75bfe557e02e88f6a31c189",
      "version": ""
    },
    "bearssl": {
      "dir": "$deps\\bearssl",
      "url": "https://github.com/status-im/nim-bearssl",
      "commit": "11e798b62b8e6beabe958e048e9e24c7e0f9ee63",
      "version": ""
    },
    "httputils": {
      "dir": "$deps\\httputils",
      "url": "https://github.com/status-im/nim-http-utils",
      "commit": "c53852d9e24205b6363bba517fa8ee7bde823691",
      "version": ""
    },
    "opengl": {
      "dir": "$deps\\opengl",
      "url": "https://github.com/nim-lang/opengl",
      "commit": "8e2e098f82dc5eefd874488c37b5830233cd18f4",
      "version": ""
    },
    "pixie": {
      "dir": "$deps\\pixie",
      "url": "https://github.com/treeform/pixie",
      "commit": "5eda4949a3c8bea318cfac8e42060a8f90f3f35d",
      "version": ""
    },
    "urlly": {
      "dir": "$deps\\urlly",
      "url": "https://github.com/treeform/urlly",
      "commit": "94e9f864115c64debcfcce5db04c636838a4b408",
      "version": ""
    },
    "ws": {
      "dir": "$deps\\ws",
      "url": "https://github.com/treeform/ws",
      "commit": "9536bf99ddf5948db221ccb7bb3663aa238a8e21",
      "version": ""
    },
    "shady": {
      "dir": "$deps\\shady",
      "url": "https://github.com/treeform/shady",
      "commit": "fa75f793cd4e5da288d4c133bb09b62c032fecc2",
      "version": ""
    },
    "bitty": {
      "dir": "$deps\\bitty",
      "url": "https://github.com/treeform/bitty",
      "commit": "cde1af08ab96536239cc737cbd9217ee284e4e03",
      "version": ""
    }
  },
  "nimcfg": [
    "############# begin Atlas config section ##########",
    "--noNimblePath",
    "--path:\"deps/vmath.Nimaoth.github.com/src\"",
    "--path:\"deps/pixie.Nimaoth.github.com/src\"",
    "--path:\"deps/chroma/src\"",
    "--path:\"deps/winim\"",
    "--path:\"deps/fusion/src\"",
    "--path:\"deps/nim-regex.nitely.github.com/src\"",
    "--path:\"deps/glob/src\"",
    "--path:\"deps/patty\"",
    "--path:\"deps/npeg/src\"",
    "--path:\"deps/stew\"",
    "--path:\"deps/results\"",
    "--path:\"deps/chronos\"",
    "--path:\"deps/malebolgia/src\"",
    "--path:\"deps/fsnotify.Nimaoth.github.com/src\"",
    "--path:\"deps/windy.Nimaoth.github.com/src\"",
    "--path:\"deps/lrucache.nim.Nimaoth.github.com/src\"",
    "--path:\"deps/boxy.Nimaoth.github.com/src\"",
    "--path:\"deps/nimtreesitter-api.Nimaoth.github.com\"",
    "--path:\"deps/nimwasmtime.Nimaoth.github.com/src\"",
    "--path:\"deps/nimsumtree.Nimaoth.github.com/src\"",
    "--path:\"deps/zippy.Nimaoth.github.com/src\"",
    "--path:\"deps/libssh2\"",
    "--path:\"deps/ssh2/src\"",
    "--path:\"deps/nimtreesitter.Nimaoth.github.com\"",
    "--path:\"deps/flatty/src\"",
    "--path:\"deps/nimsimd/src\"",
    "--path:\"deps/bumpy/src\"",
    "--path:\"deps/crunchy/src\"",
    "--path:\"deps/unicodedb/src\"",
    "--path:\"deps/unittest2\"",
    "--path:\"deps/bearssl\"",
    "--path:\"deps/httputils\"",
    "--path:\"deps/bitty/src\"",
    "--path:\"deps/opengl/src\"",
    "--path:\"deps/urlly/src\"",
    "--path:\"deps/ws/src\"",
    "--path:\"deps/shady/src\"",
    "############# end Atlas config section   ##########",
    ""
  ],
  "nimbleFile": {
    "filename": "nev.nimble",
    "content": [
      "# Package",
      "",
      "# This is required for LSP to work with this file and not show tons of errros",
      "when defined(nimsuggest):",
      "  import system/nimscript",
      "  var commandLineParams: seq[string]",
      "",
      "version       = \"0.4.0\"",
      "author        = \"Nimaoth\"",
      "description   = \"Text Editor\"",
      "license       = \"MIT\"",
      "srcDir        = \"src\"",
      "bin           = @[\"nev\"]",
      "",
      "# Dependencies",
      "",
      "requires \"nim >= 2.2.6\"",
      "requires \"https://github.com/Nimaoth/vmath#661bdaa\"",
      "requires \"https://github.com/Nimaoth/pixie >= 5.0.10\"",
      "requires \"chroma >= 0.2.7\"",
      "requires \"winim >= 3.9.4\"",
      "requires \"fusion >= 1.2\"",
      "# requires \"nimsimd >= 1.2.13\"",
      "requires \"https://github.com/nitely/nim-regex#cb8b7bf\"",
      "requires \"glob#64f71af\" # \"glob >= 0.11.2\" # the newest version of glob doesn't have a version but is required for Nim 2.0",
      "requires \"patty >= 0.3.5\"",
      "requires \"npeg >= 1.3.0\"",
      "# requires \"asynctools#a1a17d0\"",
      "requires \"stew >= 0.1.0\"",
      "requires \"results >= 0.5.0\"",
      "requires \"chronos >= 4.0.3\"",
      "requires \"https://github.com/Araq/malebolgia#ab17bef\"",
      "requires \"https://github.com/Nimaoth/fsnotify >= 0.1.6\"",
      "# requires \"https://github.com/Nimaoth/ws >= 0.5.0\"",
      "requires \"https://github.com/Nimaoth/windy#ae1627e\"",
      "requires \"https://github.com/Nimaoth/lrucache.nim#479d4cf\"",
      "requires \"https://github.com/Nimaoth/boxy#cb4ab84\"",
      "requires \"https://github.com/Nimaoth/nimtreesitter-api#893dd71\"",
      "requires \"https://github.com/Nimaoth/nimwasmtime#8e0fe14\"",
      "requires \"https://github.com/Nimaoth/nimsumtree#ee2d92b\"",
      "requires \"https://github.com/Nimaoth/zippy >= 0.10.17\"",
      "requires \"libssh2 >= 0.1.9\"",
      "requires \"ssh2 >= 0.1.9\"",
      "",
      "# Use this to include all treesitter languages (takes longer to download)",
      "requires \"https://github.com/Nimaoth/nimtreesitter >= 0.1.11\"",
      "",
      "# Use these to only install specific treesitter languages. These don't work with the lock file",
      "# requires \"https://github.com/Nimaoth/nimtreesitter?subdir=treesitter_nim >= 0.1.3\"",
      "# requires \"https://github.com/Nimaoth/nimtreesitter?subdir=treesitter_cpp >= 0.1.3\"",
      "# requires \"https://github.com/Nimaoth/nimtreesitter?subdir=treesitter_agda >= 0.1.2\"",
      "# requires \"https://github.com/Nimaoth/nimtreesitter?subdir=treesitter_bash >= 0.1.2\"",
      "# requires \"https://github.com/Nimaoth/nimtreesitter?subdir=treesitter_c >= 0.1.2\"",
      "# requires \"https://github.com/Nimaoth/nimtreesitter?subdir=treesitter_css >= 0.1.2\"",
      "# requires \"https://github.com/Nimaoth/nimtreesitter?subdir=treesitter_go >= 0.1.2\"",
      "# requires \"https://github.com/Nimaoth/nimtreesitter?subdir=treesitter_html >= 0.1.2\"",
      "# requires \"https://github.com/Nimaoth/nimtreesitter?subdir=treesitter_java >= 0.1.2\"",
      "# requires \"https://github.com/Nimaoth/nimtreesitter?subdir=treesitter_javascript >= 0.1.2\"",
      "# requires \"https://github.com/Nimaoth/nimtreesitter?subdir=treesitter_python >= 0.1.2\"",
      "# requires \"https://github.com/Nimaoth/nimtreesitter?subdir=treesitter_ruby >= 0.1.2\"",
      "# requires \"https://github.com/Nimaoth/nimtreesitter?subdir=treesitter_rust >= 0.1.2\"",
      "# requires \"https://github.com/Nimaoth/nimtreesitter?subdir=treesitter_scala >= 0.1.2\"",
      "# requires \"https://github.com/Nimaoth/nimtreesitter?subdir=treesitter_c_sharp >= 0.1.2\"",
      "# requires \"https://github.com/Nimaoth/nimtreesitter?subdir=treesitter_haskell >= 0.1.2\"",
      "# requires \"https://github.com/Nimaoth/nimtreesitter?subdir=treesitter_zig >= 0.1.4\"",
      "",
      "# typescript doesn't build on linux",
      "# requires \"https://github.com/Nimaoth/nimtreesitter?subdir=treesitter_typescript >= 0.1.2\"",
      "",
      "# php doesn't build",
      "# requires \"https://github.com/Nimaoth/nimtreesitter?subdir=treesitter_php >= 0.1.2\"",
      "",
      "import strformat, strutils",
      "",
      "task createScriptingDocs, \"Build the documentation for the scripting API\":",
      "  exec \"nim doc --project --index:on --git.url:https://github.com/Nimaoth/Nev/ --git.commit:main ./scripting/plugin_runtime.nim\"",
      "  exec \"nim buildIndex -o:./scripting/htmldocs/theindex.html ./scripting/htmldocs\"",
      "  exec \"nim ./tools/postprocess_docs.nims\"",
      "",
      "const exe = when defined(windows):",
      "    \".exe\"",
      "  else:",
      "    \"\"",
      "",
      "echo fmt\"extension: {exe}\"",
      "",
      "const crossCompileWinArgs = \"--gcc.exe:x86_64-w64-mingw32-gcc --gcc.linkerexe:x86_64-w64-mingw32-gcc --os:windows --cpu:amd64 -d:crossCompileToWindows\"",
      "",
      "proc getCommandLineParams(): string =",
      "  defer:",
      "    echo fmt\"Additional command line params: {result}\"",
      "  if commandLineParams.len < 3:",
      "    return \"\"",
      "  return commandLineParams[3..^1].join(\" \")",
      "",
      "task setup2, \"Setup\":",
      "  exec \"nimble setup\"",
      "  when defined(windows):",
      "    cpFile \"nimble.paths\", \"nimble-win.paths\"",
      "  else:",
      "    cpFile \"nimble.paths\", \"nimble-linux.paths\"",
      "",
      "  let content = \"\"\"",
      "when defined(linux):",
      "  include \"nimble-linux.paths\"",
      "else:",
      "  include \"nimble-win.paths\"",
      "\"\"\"",
      "  writeFile(\"nimble.paths\", content)",
      "",
      "task buildDesktop, \"Build the desktop version\":",
      "  selfExec fmt\"c -o:nev{exe} -d:exposeScriptingApi -d:appBuildWasmtime --passC:-std=gnu11 {getCommandLineParams()} ./src/desktop_main.nim\"",
      "  # selfExec fmt\"c --passL:advapi32.lib -o:nev{exe} -d:exposeScriptingApi -d:appBuildWasmtime {getCommandLineParams()} ./src/desktop_main.nim\"",
      "  # selfExec fmt\"c -o:nev{exe} -d:exposeScriptingApi -d:appBuildWasmtime --objChecks:off --fieldChecks:off --rangeChecks:off --boundChecks:off --overflowChecks:off --floatChecks:off --nanChecks:off --infChecks:off {getCommandLineParams()} ./src/desktop_main.nim\"",
      "",
      "task buildTerminal, \"Build the terminal version\":",
      "  selfExec fmt\"c -o:nev{exe} -d:exposeScriptingApi -d:appBuildWasmtime -d:enableTerminal -d:enableGui=false --passC:-std=gnu11 {getCommandLineParams()} ./src/desktop_main.nim\"",
      "",
      "task buildTerminalDebug, \"Build the terminal version (debug)\":",
      "  selfExec fmt\"c -o:nev{exe} --debuginfo:on --debugger:native --lineDir:off -d:exposeScriptingApi -d:appBuildWasmtime -d:enableTerminal -d:enableGui=false --passC:-std=gnu11 {getCommandLineParams()} ./src/desktop_main.nim\"",
      "",
      "task buildDebug, \"Build the debug version\":",
      "  selfExec fmt\"c -o:nev{exe} --debuginfo:on --debugger:native --lineDir:off -d:exposeScriptingApi -d:appBuildWasmtime --passC:-std=gnu11 --nimcache:nimcache/debug {getCommandLineParams()} ./src/desktop_main.nim\"",
      "",
      "task buildDebugVcc, \"Build the debug version\":",
      "  selfExec fmt\"c -o:nevd{exe} -d:debug -u:release --linetrace:on --stacktrace:on --debuginfo:on -d:treesitterBuiltins= -d:futureLogging --debugger:native --nimcache:C:/nc -d:enableSystemClipboard=false --cc:vcc --lineDir:off -d:exposeScriptingApi -d:appBuildWasmtime {getCommandLineParams()} ./src/desktop_main.nim\"",
      "",
      "task buildDesktopClang, \"Build the desktop version\":",
      "  selfExec fmt\"c -o:nev{exe} --cc:clang --passC:-Wno-incompatible-function-pointer-types --passL:-ladvapi32.lib -d:enableSystemClipboard=false -d:exposeScriptingApi -d:appBuildWasmtime --lineDir:on --passC:-g --passC:-std=gnu11 --nimcache:nimcache/release_clang {getCommandLineParams()} ./src/desktop_main.nim\"",
      "",
      "task buildDesktopDebugClang, \"Build the desktop version (debug)\":",
      "  selfExec fmt\"c -o:nev{exe} --cc:clang --passC:-Wno-incompatible-function-pointer-types --passL:-ladvapi32.lib --passL:-luser32.lib -d:enableSystemClipboard=true -d:exposeScriptingApi --passC:-std=gnu11 --nimcache:nimcache/debug_clang {getCommandLineParams()} ./src/desktop_main.nim\"",
      "",
      "task buildDesktopDebugClangLinux, \"Build the desktop version (debug)\":",
      "  selfExec fmt\"c -o:nev{exe} --cc:clang --passC:-Wno-incompatible-function-pointer-types -d:enableSystemClipboard=true -d:exposeScriptingApi --debuginfo:on -g --lineDir:on --passC:-g --passC:-std=gnu11 --nimcache:nimcache/debug_clang {getCommandLineParams()} ./src/desktop_main.nim\"",
      "",
      "task buildDesktopDebug, \"Build the desktop version (debug)\":",
      "  selfExec fmt\"c -o:nevd{exe} -d:exposeScriptingApi -d:appBuildWasmtime --debuginfo:on -g -D:debug --lineDir:on --passC:-g --passC:-std=gnu11 --stacktrace:on --linetrace:on --nimcache:nimcache/debug {getCommandLineParams()} ./src/desktop_main.nim\"",
      "  # selfExec fmt\"c -o:nev{exe} -d:exposeScriptingApi -d:appBuildWasmtime --objChecks:off --fieldChecks:off --rangeChecks:off --boundChecks:off --overflowChecks:off --floatChecks:off --nanChecks:off --infChecks:off {getCommandLineParams()} ./src/desktop_main.nim\"",
      "",
      "task buildDesktopWindows, \"Build the desktop version for windows\":",
      "  selfExec fmt\"c -o:nev{exe} {crossCompileWinArgs} -d:exposeScriptingApi -d:appBuildWasmtime {getCommandLineParams()} ./src/desktop_main.nim\"",
      "",
      "task buildDll, \"Build the dll version\":",
      "  # Disable clipboard for now because it breaks hot reloading",
      "  selfExec fmt\"c -o:nev.dll -d:exposeScriptingApi -d:appBuildWasmtime -d:enableSystemClipboard=false --noMain --app:lib {getCommandLineParams()} ./src/dynlib_main.nim\"",
      "",
      "task buildWorkspaceServer, \"Build the server for hosting workspaces\":",
      "  selfExec fmt\"c -o:./tools/workspace-server{exe} {getCommandLineParams()} ./src/servers/workspace_server.nim\"",
      "",
      "task buildLanguagesServer, \"Build the server for hosting languages servers\":",
      "  selfExec fmt\"c -o:./tools/languages-server{exe} {getCommandLineParams()} ./src/servers/languages_server.nim\"",
      "",
      "task buildRemoteWorkspaceHost, \"Build the server for hosting workspaces and language servers\":",
      "  selfExec fmt\"c -o:./tools/remote-workspace-host{exe} {getCommandLineParams()} ./src/servers/server_main.nim\"",
      "",
      "task buildRemoteWorkspaceHostWindows, \"Build the server for hosting workspaces and language servers\":",
      "  selfExec fmt\"c -o:./tools/remote-workspace-host{exe} {crossCompileWinArgs} {getCommandLineParams()} ./src/servers/server_main.nim\"",
      "",
      "task buildLspWs, \"Build the websocket proxy for language servers\":",
      "  selfExec fmt\"c -o:./tools/lsp-ws{exe} {getCommandLineParams()} ./tools/lsp_ws.nim\"",
      "",
      "task buildLspWsWindows, \"Build the websocket proxy for language servers\":",
      "  selfExec fmt\"c -o:./tools/lsp-ws{exe} {crossCompileWinArgs} {getCommandLineParams()} ./tools/lsp_ws.nim\"",
      "",
      "task buildNimConfigWasm, \"Compile the nim script config file to wasm\":",
      "  withDir \"config\":",
      "    selfExec fmt\"c -d:release --skipParentCfg -o:wasm/{projectName()}.wasm {getCommandLineParams()}\"",
      "",
      "task buildNimConfigWasmAll, \"Compile the nim script config file to wasm\":",
      "  exec fmt\"nimble buildNimConfigWasm keybindings_plugin.nim\"",
      "  exec fmt\"nimble buildNimConfigWasm harpoon.nim\"",
      "  exec fmt\"nimble buildNimConfigWasm vscode_config_plugin.nim\"",
      "  exec fmt\"nimble buildNimConfigWasm lisp_plugin.nim\"",
      "",
      "proc buildPlugin(name: string) =",
      "  withDir &\"plugins/{name}\":",
      "    exec &\"nimble setup\"",
      "    exec &\"nim c -d:release --skipParentCfg --passL:\\\"-o {name}.m.wasm\\\" {getCommandLineParams()} {name}.nim\"",
      "    # exec &\"nim c -d:release --skipParentCfg -d:pluginWorld=plugin-thread-safe --passL:\\\"-o {name}_thread.m.wasm\\\" {getCommandLineParams()} {name}_thread.nim\"",
      "",
      "task buildWasmModule, \"\":",
      "  buildPlugin(\"test_plugin\")",
      "  # buildPlugin(\"pong\")",
      "  # buildPlugin(\"vim\")",
      "",
      "task buildVimPlugin, \"\":",
      "  buildPlugin(\"vim\")",
      "",
      "task buildWasmModule1, \"\":",
      "  withDir \"plugins/test_plugin_1\":",
      "    exec &\"nim c -d:release --skipParentCfg --passL:\\\"-o test_plugin_1.m.wasm\\\" {getCommandLineParams()} test_plugin_v1.nim\"",
      "  # let cmd = when defined(Windows): \"powershell -Command \" else: \"\"",
      "  # echo gorgeEx(cmd & \"cp ./plugins/test_plugin/test_plugin.m.wasm ./plugins/test_plugin2.m.wasm\")",
      "",
      "task flamegraph, \"Perf/flamegraph\":",
      "  exec \"PERF=/usr/lib/linux-tools/5.4.0-186-generic/perf ~/.cargo/bin/flamegraph -o flamegraph.svg -- nevtd -s:linux.nev-session\"",
      "",
      "task buildStacktracer, \"Build stacktracer (Rust library for getting stack traces)\":",
      "  withDir \"stacktracer\":",
      "    exec \"cargo build --release\"",
      "  when defined(windows):",
      "    exec \"cp ./stacktracer/target/release/stacktracer.dll .\"",
      ""
    ]
  },
  "hostOS": "windows",
  "hostCPU": "amd64",
  "nimVersion": "2.2.6 ab00c56904e3126ad826bb520d243513a139436a",
  "gccVersion": "11.1.0",
  "clangVersion": "18.1.5"
}